
Microsoft Visual Studio Solution File, Format Version 12.00
# Visual Studio Version 17
VisualStudioVersion = 17.11.35017.193
MinimumVisualStudioVersion = 10.0.40219.1
Project("{9A19103F-16F7-4668-BE54-9A1E7A4F7556}") = "HappyDart.Domain", "HappyDart.Domain\HappyDart.Domain.csproj", "{FB766899-096B-451F-B314-3323B62F5BD0}"
EndProject
Project("{9A19103F-16F7-4668-BE54-9A1E7A4F7556}") = "HappyDart.Application", "HappyDart.Application\HappyDart.Application.csproj", "{26555828-60DD-44F2-9A12-98BB26BCD339}"
EndProject
Project("{9A19103F-16F7-4668-BE54-9A1E7A4F7556}") = "HappyDart.Infrastructure", "HappyDart.Infrastructure\HappyDart.Infrastructure.csproj", "{BD132A75-DEA1-40B1-8687-75E5C03825F4}"
EndProject
Project("{2150E333-8FDC-42A3-9474-1A3956D46DE8}") = "Server", "Server", "{030E82DA-FD25-4D2F-8824-EA1A82D054FF}"
EndProject
Project("{2150E333-8FDC-42A3-9474-1A3956D46DE8}") = "Client", "Client", "{C44DA860-D6BC-4C0F-8479-5819E4A6BD7C}"
EndProject
Project("{9A19103F-16F7-4668-BE54-9A1E7A4F7556}") = "HappyDart.Ui", "HappyDart.Ui\HappyDart.Ui.csproj", "{8761BE71-738B-4D81-8EBF-FD93597D801C}"
EndProject
Project("{9A19103F-16F7-4668-BE54-9A1E7A4F7556}") = "HappyDart.Api", "HappyDart.Api\HappyDart.Api.csproj", "{6A8D4C45-0400-4944-97B4-32AC6E490791}"
EndProject
Project("{9A19103F-16F7-4668-BE54-9A1E7A4F7556}") = "HappyDart.Api.Shared", "HappyDart.Api.Shared\HappyDart.Api.Shared.csproj", "{5A172018-A93E-420C-8A23-61E1408381E8}"
EndProject
Project("{FAE04EC0-301F-11D3-BF4B-00C04F79EFBC}") = "HappyDart.Desktop", "HappyDart.Desktop\HappyDart.Desktop.csproj", "{68DC4B30-98C7-4735-882E-AE05BBE2D868}"
EndProject
Global
	GlobalSection(SolutionConfigurationPlatforms) = preSolution
		Debug|Any CPU = Debug|Any CPU
		Release|Any CPU = Release|Any CPU
	EndGlobalSection
	GlobalSection(ProjectConfigurationPlatforms) = postSolution
		{FB766899-096B-451F-B314-3323B62F5BD0}.Debug|Any CPU.ActiveCfg = Debug|Any CPU
		{FB766899-096B-451F-B314-3323B62F5BD0}.Debug|Any CPU.Build.0 = Debug|Any CPU
		{FB766899-096B-451F-B314-3323B62F5BD0}.Release|Any CPU.ActiveCfg = Release|Any CPU
		{FB766899-096B-451F-B314-3323B62F5BD0}.Release|Any CPU.Build.0 = Release|Any CPU
		{26555828-60DD-44F2-9A12-98BB26BCD339}.Debug|Any CPU.ActiveCfg = Debug|Any CPU
		{26555828-60DD-44F2-9A12-98BB26BCD339}.Debug|Any CPU.Build.0 = Debug|Any CPU
		{26555828-60DD-44F2-9A12-98BB26BCD339}.Release|Any CPU.ActiveCfg = Release|Any CPU
		{26555828-60DD-44F2-9A12-98BB26BCD339}.Release|Any CPU.Build.0 = Release|Any CPU
		{BD132A75-DEA1-40B1-8687-75E5C03825F4}.Debug|Any CPU.ActiveCfg = Debug|Any CPU
		{BD132A75-DEA1-40B1-8687-75E5C03825F4}.Debug|Any CPU.Build.0 = Debug|Any CPU
		{BD132A75-DEA1-40B1-8687-75E5C03825F4}.Release|Any CPU.ActiveCfg = Release|Any CPU
		{BD132A75-DEA1-40B1-8687-75E5C03825F4}.Release|Any CPU.Build.0 = Release|Any CPU
		{8761BE71-738B-4D81-8EBF-FD93597D801C}.Debug|Any CPU.ActiveCfg = Debug|Any CPU
		{8761BE71-738B-4D81-8EBF-FD93597D801C}.Debug|Any CPU.Build.0 = Debug|Any CPU
		{8761BE71-738B-4D81-8EBF-FD93597D801C}.Debug|Any CPU.Deploy.0 = Debug|Any CPU
		{8761BE71-738B-4D81-8EBF-FD93597D801C}.Release|Any CPU.ActiveCfg = Release|Any CPU
		{8761BE71-738B-4D81-8EBF-FD93597D801C}.Release|Any CPU.Build.0 = Release|Any CPU
		{8761BE71-738B-4D81-8EBF-FD93597D801C}.Release|Any CPU.Deploy.0 = Release|Any CPU
		{6A8D4C45-0400-4944-97B4-32AC6E490791}.Debug|Any CPU.ActiveCfg = Debug|Any CPU
		{6A8D4C45-0400-4944-97B4-32AC6E490791}.Debug|Any CPU.Build.0 = Debug|Any CPU
		{6A8D4C45-0400-4944-97B4-32AC6E490791}.Release|Any CPU.ActiveCfg = Release|Any CPU
		{6A8D4C45-0400-4944-97B4-32AC6E490791}.Release|Any CPU.Build.0 = Release|Any CPU
		{5A172018-A93E-420C-8A23-61E1408381E8}.Debug|Any CPU.ActiveCfg = Debug|Any CPU
		{5A172018-A93E-420C-8A23-61E1408381E8}.Debug|Any CPU.Build.0 = Debug|Any CPU
		{5A172018-A93E-420C-8A23-61E1408381E8}.Release|Any CPU.ActiveCfg = Release|Any CPU
		{5A172018-A93E-420C-8A23-61E1408381E8}.Release|Any CPU.Build.0 = Release|Any CPU
		{68DC4B30-98C7-4735-882E-AE05BBE2D868}.Debug|Any CPU.ActiveCfg = Debug|Any CPU
		{68DC4B30-98C7-4735-882E-AE05BBE2D868}.Debug|Any CPU.Build.0 = Debug|Any CPU
		{68DC4B30-98C7-4735-882E-AE05BBE2D868}.Release|Any CPU.ActiveCfg = Release|Any CPU
		{68DC4B30-98C7-4735-882E-AE05BBE2D868}.Release|Any CPU.Build.0 = Release|Any CPU
	EndGlobalSection
	GlobalSection(SolutionProperties) = preSolution
		HideSolutionNode = FALSE
	EndGlobalSection
	GlobalSection(NestedProjects) = preSolution
		{FB766899-096B-451F-B314-3323B62F5BD0} = {030E82DA-FD25-4D2F-8824-EA1A82D054FF}
		{26555828-60DD-44F2-9A12-98BB26BCD339} = {030E82DA-FD25-4D2F-8824-EA1A82D054FF}
		{BD132A75-DEA1-40B1-8687-75E5C03825F4} = {030E82DA-FD25-4D2F-8824-EA1A82D054FF}
		{8761BE71-738B-4D81-8EBF-FD93597D801C} = {C44DA860-D6BC-4C0F-8479-5819E4A6BD7C}
		{6A8D4C45-0400-4944-97B4-32AC6E490791} = {030E82DA-FD25-4D2F-8824-EA1A82D054FF}
		{5A172018-A93E-420C-8A23-61E1408381E8} = {030E82DA-FD25-4D2F-8824-EA1A82D054FF}
		{68DC4B30-98C7-4735-882E-AE05BBE2D868} = {C44DA860-D6BC-4C0F-8479-5819E4A6BD7C}
	EndGlobalSection
	GlobalSection(ExtensibilityGlobals) = postSolution
		SolutionGuid = {D32B7B01-617D-4F71-9A61-063753A5342C}
	EndGlobalSection
EndGlobal
