
Microsoft Visual Studio Solution File, Format Version 12.00
# Visual Studio Version 17
VisualStudioVersion = 17.11.35017.193
MinimumVisualStudioVersion = 10.0.40219.1
Project("{FAE04EC0-301F-11D3-BF4B-00C04F79EFBC}") = "HappyDart.Domain", "HappyDart.Domain\HappyDart.Domain.csproj", "{FB766899-096B-451F-B314-3323B62F5BD0}"
EndProject
Global
	GlobalSection(SolutionConfigurationPlatforms) = preSolution
		Debug|Any CPU = Debug|Any CPU
		Release|Any CPU = Release|Any CPU
	EndGlobalSection
	GlobalSection(ProjectConfigurationPlatforms) = postSolution
		{FB766899-096B-451F-B314-3323B62F5BD0}.Debug|Any CPU.ActiveCfg = Debug|Any CPU
		{FB766899-096B-451F-B314-3323B62F5BD0}.Debug|Any CPU.Build.0 = Debug|Any CPU
		{FB766899-096B-451F-B314-3323B62F5BD0}.Release|Any CPU.ActiveCfg = Release|Any CPU
		{FB766899-096B-451F-B314-3323B62F5BD0}.Release|Any CPU.Build.0 = Release|Any CPU
	EndGlobalSection
	GlobalSection(SolutionProperties) = preSolution
		HideSolutionNode = FALSE
	EndGlobalSection
	GlobalSection(ExtensibilityGlobals) = postSolution
		SolutionGuid = {D32B7B01-617D-4F71-9A61-063753A5342C}
	EndGlobalSection
EndGlobal
